
Microsoft Visual Studio Solution File, Format Version 12.00
# Visual Studio Version 17
VisualStudioVersion = 17.14.36518.9
MinimumVisualStudioVersion = 10.0.40219.1
Project("{FAE04EC0-301F-11D3-BF4B-00C04F79EFBC}") = "MiniMarketCRM.Api", "MiniMarketCRM.Api\MiniMarketCRM.Api.csproj", "{73F25B4C-711A-4862-8B47-82C9FEC93B21}"
EndProject
Project("{FAE04EC0-301F-11D3-BF4B-00C04F79EFBC}") = "MiniMarketCRM.Domain", "MiniMarketCRM.Domain\MiniMarketCRM.Domain.csproj", "{1D76C443-284D-4753-8A01-901E8F3091DC}"
EndProject
Project("{FAE04EC0-301F-11D3-BF4B-00C04F79EFBC}") = "MiniMarketCRM.DataAccess", "MiniMarketCRM.DataAccess\MiniMarketCRM.DataAccess.csproj", "{D7B4CA6F-35E0-43FF-A064-CAEFE75F713E}"
EndProject
Project("{FAE04EC0-301F-11D3-BF4B-00C04F79EFBC}") = "MiniMarketCRM.Application", "MiniMarketCRM.Application\MiniMarketCRM.Application.csproj", "{BF7D4AE3-7DF3-40E3-B8D2-D94289458B37}"
EndProject
Project("{FAE04EC0-301F-11D3-BF4B-00C04F79EFBC}") = "MiniMarketCRM.Web", "MiniMarketCRM.Web\MiniMarketCRM.Web.csproj", "{A75A2DDB-B41B-4BC7-B9CE-89842B3E033F}"
EndProject
Project("{FAE04EC0-301F-11D3-BF4B-00C04F79EFBC}") = "MiniMarketCRM.Api.IntegrationTests", "MiniMarketCRM.Api.IntegrationTests\MiniMarketCRM.Api.IntegrationTests.csproj", "{9B44574A-BAFE-4533-B6F4-B13E5AA29F8D}"
EndProject
Project("{FAE04EC0-301F-11D3-BF4B-00C04F79EFBC}") = "MiniMarketCRM.Application.UnitTests", "MiniMarketCRM.Application.UnitTests\MiniMarketCRM.Application.UnitTests.csproj", "{FE9A4F39-3307-457E-9A57-2E85A6933927}"
EndProject
Project("{FAE04EC0-301F-11D3-BF4B-00C04F79EFBC}") = "MiniMarketCRM.Api.SystemTests", "MiniMarketCRM.Api.SystemTests\MiniMarketCRM.Api.SystemTests.csproj", "{0472EFB7-DB9D-4D41-9EE2-D5E6E388B3DF}"
EndProject
Global
	GlobalSection(SolutionConfigurationPlatforms) = preSolution
		Debug|Any CPU = Debug|Any CPU
		Release|Any CPU = Release|Any CPU
	EndGlobalSection
	GlobalSection(ProjectConfigurationPlatforms) = postSolution
		{73F25B4C-711A-4862-8B47-82C9FEC93B21}.Debug|Any CPU.ActiveCfg = Debug|Any CPU
		{73F25B4C-711A-4862-8B47-82C9FEC93B21}.Debug|Any CPU.Build.0 = Debug|Any CPU
		{73F25B4C-711A-4862-8B47-82C9FEC93B21}.Release|Any CPU.ActiveCfg = Release|Any CPU
		{73F25B4C-711A-4862-8B47-82C9FEC93B21}.Release|Any CPU.Build.0 = Release|Any CPU
		{1D76C443-284D-4753-8A01-901E8F3091DC}.Debug|Any CPU.ActiveCfg = Debug|Any CPU
		{1D76C443-284D-4753-8A01-901E8F3091DC}.Debug|Any CPU.Build.0 = Debug|Any CPU
		{1D76C443-284D-4753-8A01-901E8F3091DC}.Release|Any CPU.ActiveCfg = Release|Any CPU
		{1D76C443-284D-4753-8A01-901E8F3091DC}.Release|Any CPU.Build.0 = Release|Any CPU
		{D7B4CA6F-35E0-43FF-A064-CAEFE75F713E}.Debug|Any CPU.ActiveCfg = Debug|Any CPU
		{D7B4CA6F-35E0-43FF-A064-CAEFE75F713E}.Debug|Any CPU.Build.0 = Debug|Any CPU
		{D7B4CA6F-35E0-43FF-A064-CAEFE75F713E}.Release|Any CPU.ActiveCfg = Release|Any CPU
		{D7B4CA6F-35E0-43FF-A064-CAEFE75F713E}.Release|Any CPU.Build.0 = Release|Any CPU
		{BF7D4AE3-7DF3-40E3-B8D2-D94289458B37}.Debug|Any CPU.ActiveCfg = Debug|Any CPU
		{BF7D4AE3-7DF3-40E3-B8D2-D94289458B37}.Debug|Any CPU.Build.0 = Debug|Any CPU
		{BF7D4AE3-7DF3-40E3-B8D2-D94289458B37}.Release|Any CPU.ActiveCfg = Release|Any CPU
		{BF7D4AE3-7DF3-40E3-B8D2-D94289458B37}.Release|Any CPU.Build.0 = Release|Any CPU
		{A75A2DDB-B41B-4BC7-B9CE-89842B3E033F}.Debug|Any CPU.ActiveCfg = Debug|Any CPU
		{A75A2DDB-B41B-4BC7-B9CE-89842B3E033F}.Debug|Any CPU.Build.0 = Debug|Any CPU
		{A75A2DDB-B41B-4BC7-B9CE-89842B3E033F}.Release|Any CPU.ActiveCfg = Release|Any CPU
		{A75A2DDB-B41B-4BC7-B9CE-89842B3E033F}.Release|Any CPU.Build.0 = Release|Any CPU
		{9B44574A-BAFE-4533-B6F4-B13E5AA29F8D}.Debug|Any CPU.ActiveCfg = Debug|Any CPU
		{9B44574A-BAFE-4533-B6F4-B13E5AA29F8D}.Debug|Any CPU.Build.0 = Debug|Any CPU
		{9B44574A-BAFE-4533-B6F4-B13E5AA29F8D}.Release|Any CPU.ActiveCfg = Release|Any CPU
		{9B44574A-BAFE-4533-B6F4-B13E5AA29F8D}.Release|Any CPU.Build.0 = Release|Any CPU
		{FE9A4F39-3307-457E-9A57-2E85A6933927}.Debug|Any CPU.ActiveCfg = Debug|Any CPU
		{FE9A4F39-3307-457E-9A57-2E85A6933927}.Debug|Any CPU.Build.0 = Debug|Any CPU
		{FE9A4F39-3307-457E-9A57-2E85A6933927}.Release|Any CPU.ActiveCfg = Release|Any CPU
		{FE9A4F39-3307-457E-9A57-2E85A6933927}.Release|Any CPU.Build.0 = Release|Any CPU
		{0472EFB7-DB9D-4D41-9EE2-D5E6E388B3DF}.Debug|Any CPU.ActiveCfg = Debug|Any CPU
		{0472EFB7-DB9D-4D41-9EE2-D5E6E388B3DF}.Debug|Any CPU.Build.0 = Debug|Any CPU
		{0472EFB7-DB9D-4D41-9EE2-D5E6E388B3DF}.Release|Any CPU.ActiveCfg = Release|Any CPU
		{0472EFB7-DB9D-4D41-9EE2-D5E6E388B3DF}.Release|Any CPU.Build.0 = Release|Any CPU
	EndGlobalSection
	GlobalSection(SolutionProperties) = preSolution
		HideSolutionNode = FALSE
	EndGlobalSection
	GlobalSection(ExtensibilityGlobals) = postSolution
		SolutionGuid = {3023C0F6-10B6-47DC-A71F-45DD22FED3A2}
	EndGlobalSection
EndGlobal
