
Microsoft Visual Studio Solution File, Format Version 12.00
# Visual Studio Version 17
VisualStudioVersion = 17.14.36518.9
MinimumVisualStudioVersion = 10.0.40219.1
Project("{FAE04EC0-301F-11D3-BF4B-00C04F79EFBC}") = "MiniMarketCRM.Api", "MiniMarketCRM.Api\MiniMarketCRM.Api.csproj", "{73F25B4C-711A-4862-8B47-82C9FEC93B21}"
EndProject
Project("{FAE04EC0-301F-11D3-BF4B-00C04F79EFBC}") = "MiniMarketCRM.Domain", "MiniMarketCRM.Domain\MiniMarketCRM.Domain.csproj", "{1D76C443-284D-4753-8A01-901E8F3091DC}"
EndProject
Project("{FAE04EC0-301F-11D3-BF4B-00C04F79EFBC}") = "MiniMarketCRM.DataAccess", "MiniMarketCRM.DataAccess\MiniMarketCRM.DataAccess.csproj", "{D7B4CA6F-35E0-43FF-A064-CAEFE75F713E}"
EndProject
Project("{FAE04EC0-301F-11D3-BF4B-00C04F79EFBC}") = "MiniMarketCRM.Application", "MiniMarketCRM.Application\MiniMarketCRM.Application.csproj", "{BF7D4AE3-7DF3-40E3-B8D2-D94289458B37}"
EndProject
Global
	GlobalSection(SolutionConfigurationPlatforms) = preSolution
		Debug|Any CPU = Debug|Any CPU
		Release|Any CPU = Release|Any CPU
	EndGlobalSection
	GlobalSection(ProjectConfigurationPlatforms) = postSolution
		{73F25B4C-711A-4862-8B47-82C9FEC93B21}.Debug|Any CPU.ActiveCfg = Debug|Any CPU
		{73F25B4C-711A-4862-8B47-82C9FEC93B21}.Debug|Any CPU.Build.0 = Debug|Any CPU
		{73F25B4C-711A-4862-8B47-82C9FEC93B21}.Release|Any CPU.ActiveCfg = Release|Any CPU
		{73F25B4C-711A-4862-8B47-82C9FEC93B21}.Release|Any CPU.Build.0 = Release|Any CPU
		{1D76C443-284D-4753-8A01-901E8F3091DC}.Debug|Any CPU.ActiveCfg = Debug|Any CPU
		{1D76C443-284D-4753-8A01-901E8F3091DC}.Debug|Any CPU.Build.0 = Debug|Any CPU
		{1D76C443-284D-4753-8A01-901E8F3091DC}.Release|Any CPU.ActiveCfg = Release|Any CPU
		{1D76C443-284D-4753-8A01-901E8F3091DC}.Release|Any CPU.Build.0 = Release|Any CPU
		{D7B4CA6F-35E0-43FF-A064-CAEFE75F713E}.Debug|Any CPU.ActiveCfg = Debug|Any CPU
		{D7B4CA6F-35E0-43FF-A064-CAEFE75F713E}.Debug|Any CPU.Build.0 = Debug|Any CPU
		{D7B4CA6F-35E0-43FF-A064-CAEFE75F713E}.Release|Any CPU.ActiveCfg = Release|Any CPU
		{D7B4CA6F-35E0-43FF-A064-CAEFE75F713E}.Release|Any CPU.Build.0 = Release|Any CPU
		{BF7D4AE3-7DF3-40E3-B8D2-D94289458B37}.Debug|Any CPU.ActiveCfg = Debug|Any CPU
		{BF7D4AE3-7DF3-40E3-B8D2-D94289458B37}.Debug|Any CPU.Build.0 = Debug|Any CPU
		{BF7D4AE3-7DF3-40E3-B8D2-D94289458B37}.Release|Any CPU.ActiveCfg = Release|Any CPU
		{BF7D4AE3-7DF3-40E3-B8D2-D94289458B37}.Release|Any CPU.Build.0 = Release|Any CPU
	EndGlobalSection
	GlobalSection(SolutionProperties) = preSolution
		HideSolutionNode = FALSE
	EndGlobalSection
	GlobalSection(ExtensibilityGlobals) = postSolution
		SolutionGuid = {3023C0F6-10B6-47DC-A71F-45DD22FED3A2}
	EndGlobalSection
EndGlobal
